
Microsoft Visual Studio Solution File, Format Version 12.00
# Visual Studio Version 17
VisualStudioVersion = 17.5.002.0
MinimumVisualStudioVersion = 10.0.40219.1
Project("{9A19103F-16F7-4668-BE54-9A1E7A4F7556}") = "AP2", "AP2\AP2.csproj", "{535D5DA8-A60D-45F1-9E4B-672BA1F0E8FA}"
EndProject
Global
	GlobalSection(SolutionConfigurationPlatforms) = preSolution
		Debug|Any CPU = Debug|Any CPU
		Release|Any CPU = Release|Any CPU
	EndGlobalSection
	GlobalSection(ProjectConfigurationPlatforms) = postSolution
		{535D5DA8-A60D-45F1-9E4B-672BA1F0E8FA}.Debug|Any CPU.ActiveCfg = Debug|Any CPU
		{535D5DA8-A60D-45F1-9E4B-672BA1F0E8FA}.Debug|Any CPU.Build.0 = Debug|Any CPU
		{535D5DA8-A60D-45F1-9E4B-672BA1F0E8FA}.Release|Any CPU.ActiveCfg = Release|Any CPU
		{535D5DA8-A60D-45F1-9E4B-672BA1F0E8FA}.Release|Any CPU.Build.0 = Release|Any CPU
	EndGlobalSection
	GlobalSection(SolutionProperties) = preSolution
		HideSolutionNode = FALSE
	EndGlobalSection
	GlobalSection(ExtensibilityGlobals) = postSolution
		SolutionGuid = {FCB6E755-BAA7-4DD6-886D-80B9EAD448E9}
	EndGlobalSection
EndGlobal
